
Microsoft Visual Studio Solution File, Format Version 12.00
# Visual Studio Version 16
VisualStudioVersion = 16.0.31019.35
MinimumVisualStudioVersion = 10.0.40219.1
Project("{FAE04EC0-301F-11D3-BF4B-00C04F79EFBC}") = "SampleApplication", "SampleApplication\SampleApplication.csproj", "{5C8CD513-781E-439C-AC81-F846104C997A}"
EndProject
Global
	GlobalSection(SolutionConfigurationPlatforms) = preSolution
		Debug|Any CPU = Debug|Any CPU
		Release|Any CPU = Release|Any CPU
	EndGlobalSection
	GlobalSection(ProjectConfigurationPlatforms) = postSolution
		{5C8CD513-781E-439C-AC81-F846104C997A}.Debug|Any CPU.ActiveCfg = Debug|Any CPU
		{5C8CD513-781E-439C-AC81-F846104C997A}.Debug|Any CPU.Build.0 = Debug|Any CPU
		{5C8CD513-781E-439C-AC81-F846104C997A}.Release|Any CPU.ActiveCfg = Release|Any CPU
		{5C8CD513-781E-439C-AC81-F846104C997A}.Release|Any CPU.Build.0 = Release|Any CPU
	EndGlobalSection
	GlobalSection(SolutionProperties) = preSolution
		HideSolutionNode = FALSE
	EndGlobalSection
	GlobalSection(ExtensibilityGlobals) = postSolution
		SolutionGuid = {12A1BA9F-4193-4A5E-BD2F-C34FBB1BE013}
	EndGlobalSection
EndGlobal
